
Microsoft Visual Studio Solution File, Format Version 12.00
# Visual Studio Version 17
VisualStudioVersion = 17.14.36930.0 d17.14
MinimumVisualStudioVersion = 10.0.40219.1
Project("{FAE04EC0-301F-11D3-BF4B-00C04F79EFBC}") = "FlexSpace.UI", "FlexSpace.UI\FlexSpace.UI.csproj", "{53BF1DBB-BA37-42FC-9FDD-6CB7BA99388A}"
EndProject
Project("{FAE04EC0-301F-11D3-BF4B-00C04F79EFBC}") = "FlexSpace.BLL", "FlexSpace.BLL\FlexSpace.BLL.csproj", "{E06F2CDB-61C7-4267-A12A-856D38B828D2}"
EndProject
Project("{FAE04EC0-301F-11D3-BF4B-00C04F79EFBC}") = "FlexSpace.DAL", "FlexSpace.DAL\FlexSpace.DAL.csproj", "{04FDE22F-E9FD-42C1-B646-ABD19E74E495}"
EndProject
Global
	GlobalSection(SolutionConfigurationPlatforms) = preSolution
		Debug|Any CPU = Debug|Any CPU
		Release|Any CPU = Release|Any CPU
	EndGlobalSection
	GlobalSection(ProjectConfigurationPlatforms) = postSolution
		{53BF1DBB-BA37-42FC-9FDD-6CB7BA99388A}.Debug|Any CPU.ActiveCfg = Debug|Any CPU
		{53BF1DBB-BA37-42FC-9FDD-6CB7BA99388A}.Debug|Any CPU.Build.0 = Debug|Any CPU
		{53BF1DBB-BA37-42FC-9FDD-6CB7BA99388A}.Release|Any CPU.ActiveCfg = Release|Any CPU
		{53BF1DBB-BA37-42FC-9FDD-6CB7BA99388A}.Release|Any CPU.Build.0 = Release|Any CPU
		{E06F2CDB-61C7-4267-A12A-856D38B828D2}.Debug|Any CPU.ActiveCfg = Debug|Any CPU
		{E06F2CDB-61C7-4267-A12A-856D38B828D2}.Debug|Any CPU.Build.0 = Debug|Any CPU
		{E06F2CDB-61C7-4267-A12A-856D38B828D2}.Release|Any CPU.ActiveCfg = Release|Any CPU
		{E06F2CDB-61C7-4267-A12A-856D38B828D2}.Release|Any CPU.Build.0 = Release|Any CPU
		{04FDE22F-E9FD-42C1-B646-ABD19E74E495}.Debug|Any CPU.ActiveCfg = Debug|Any CPU
		{04FDE22F-E9FD-42C1-B646-ABD19E74E495}.Debug|Any CPU.Build.0 = Debug|Any CPU
		{04FDE22F-E9FD-42C1-B646-ABD19E74E495}.Release|Any CPU.ActiveCfg = Release|Any CPU
		{04FDE22F-E9FD-42C1-B646-ABD19E74E495}.Release|Any CPU.Build.0 = Release|Any CPU
	EndGlobalSection
	GlobalSection(SolutionProperties) = preSolution
		HideSolutionNode = FALSE
	EndGlobalSection
	GlobalSection(ExtensibilityGlobals) = postSolution
		SolutionGuid = {0DCCA812-B91F-464B-8DA8-7C98251976A0}
	EndGlobalSection
EndGlobal
